
Microsoft Visual Studio Solution File, Format Version 12.00
# Visual Studio Version 17
VisualStudioVersion = 17.0.31903.59
MinimumVisualStudioVersion = 10.0.40219.1
Project("{FAE04EC0-301F-11D3-BF4B-00C04F79EFBC}") = "Day01", "Day01\Day01.csproj", "{BD943C71-DA5D-46D2-B348-16620450EBE7}"
EndProject
Project("{FAE04EC0-301F-11D3-BF4B-00C04F79EFBC}") = "Day02", "Day02\Day02.csproj", "{DE601B2B-76D1-4402-8EB2-428065872733}"
EndProject
Project("{FAE04EC0-301F-11D3-BF4B-00C04F79EFBC}") = "Day02A", "Day02A\Day02A.csproj", "{21D3917E-1846-44D7-BEE0-70C56CF72676}"
EndProject
Project("{FAE04EC0-301F-11D3-BF4B-00C04F79EFBC}") = "Day02B", "Day02B\Day02B.csproj", "{91584B59-C12C-4232-8553-94250DE078D6}"
EndProject
Project("{FAE04EC0-301F-11D3-BF4B-00C04F79EFBC}") = "Day02C", "Day02C\Day02C.csproj", "{3D9C36CC-67F4-441F-BA7D-A4BA1119603E}"
EndProject
Project("{FAE04EC0-301F-11D3-BF4B-00C04F79EFBC}") = "Day03A", "Day03A\Day03A.csproj", "{93F152F0-A5DD-4489-8D8A-A45B5D3B8A85}"
EndProject
Project("{FAE04EC0-301F-11D3-BF4B-00C04F79EFBC}") = "Day03B", "Day03B\Day03B.csproj", "{F2671032-D525-4DFE-8636-6C174E284CDC}"
EndProject
Project("{FAE04EC0-301F-11D3-BF4B-00C04F79EFBC}") = "Day03C", "Day03C\Day03C.csproj", "{6D893B15-6171-4A8F-BE35-E8F432820F93}"
EndProject
Project("{FAE04EC0-301F-11D3-BF4B-00C04F79EFBC}") = "Day03D", "Day03D\Day03D.csproj", "{BFB176B8-BF6F-44D9-BE7E-CD01FFE418ED}"
EndProject
Project("{FAE04EC0-301F-11D3-BF4B-00C04F79EFBC}") = "Day04", "Day04\Day04.csproj", "{24258EDE-7CBD-4E15-809D-0C11C2947812}"
EndProject
Project("{FAE04EC0-301F-11D3-BF4B-00C04F79EFBC}") = "Day05", "Day05\Day05.csproj", "{B4F9BC50-3786-44C3-BE58-82DDE1623277}"
EndProject
Project("{FAE04EC0-301F-11D3-BF4B-00C04F79EFBC}") = "Tugas", "Tugas\Tugas.csproj", "{599EFBEC-2E97-4838-B9BF-8D79113A99E1}"
EndProject
Project("{FAE04EC0-301F-11D3-BF4B-00C04F79EFBC}") = "Day07", "Day07\Day07.csproj", "{A3734B6C-94E8-4C18-B998-2F792D463FF3}"
EndProject
Project("{2150E333-8FDC-42A3-9474-1A3956D46DE8}") = "Day08A", "Day08A", "{35C50D22-1FAD-4DCD-9CB6-8E42A26650B5}"
EndProject
Project("{FAE04EC0-301F-11D3-BF4B-00C04F79EFBC}") = "Action", "Day8\Day08A\Action\Action.csproj", "{5015C682-B8C2-4B48-90F6-4DB3001A98F6}"
EndProject
Global
	GlobalSection(SolutionConfigurationPlatforms) = preSolution
		Debug|Any CPU = Debug|Any CPU
		Release|Any CPU = Release|Any CPU
	EndGlobalSection
	GlobalSection(SolutionProperties) = preSolution
		HideSolutionNode = FALSE
	EndGlobalSection
	GlobalSection(ProjectConfigurationPlatforms) = postSolution
		{DBD01EB4-E85A-4E02-B7E5-CC963DB4F6CF}.Debug|Any CPU.ActiveCfg = Debug|Any CPU
		{DBD01EB4-E85A-4E02-B7E5-CC963DB4F6CF}.Debug|Any CPU.Build.0 = Debug|Any CPU
		{DBD01EB4-E85A-4E02-B7E5-CC963DB4F6CF}.Release|Any CPU.ActiveCfg = Release|Any CPU
		{DBD01EB4-E85A-4E02-B7E5-CC963DB4F6CF}.Release|Any CPU.Build.0 = Release|Any CPU
		{5DBAFE96-B680-4D64-9C17-EF28B34DF2EA}.Debug|Any CPU.ActiveCfg = Debug|Any CPU
		{5DBAFE96-B680-4D64-9C17-EF28B34DF2EA}.Debug|Any CPU.Build.0 = Debug|Any CPU
		{5DBAFE96-B680-4D64-9C17-EF28B34DF2EA}.Release|Any CPU.ActiveCfg = Release|Any CPU
		{5DBAFE96-B680-4D64-9C17-EF28B34DF2EA}.Release|Any CPU.Build.0 = Release|Any CPU
		{BD943C71-DA5D-46D2-B348-16620450EBE7}.Debug|Any CPU.ActiveCfg = Debug|Any CPU
		{BD943C71-DA5D-46D2-B348-16620450EBE7}.Debug|Any CPU.Build.0 = Debug|Any CPU
		{BD943C71-DA5D-46D2-B348-16620450EBE7}.Release|Any CPU.ActiveCfg = Release|Any CPU
		{BD943C71-DA5D-46D2-B348-16620450EBE7}.Release|Any CPU.Build.0 = Release|Any CPU
		{DE601B2B-76D1-4402-8EB2-428065872733}.Debug|Any CPU.ActiveCfg = Debug|Any CPU
		{DE601B2B-76D1-4402-8EB2-428065872733}.Debug|Any CPU.Build.0 = Debug|Any CPU
		{DE601B2B-76D1-4402-8EB2-428065872733}.Release|Any CPU.ActiveCfg = Release|Any CPU
		{DE601B2B-76D1-4402-8EB2-428065872733}.Release|Any CPU.Build.0 = Release|Any CPU
		{21D3917E-1846-44D7-BEE0-70C56CF72676}.Debug|Any CPU.ActiveCfg = Debug|Any CPU
		{21D3917E-1846-44D7-BEE0-70C56CF72676}.Debug|Any CPU.Build.0 = Debug|Any CPU
		{21D3917E-1846-44D7-BEE0-70C56CF72676}.Release|Any CPU.ActiveCfg = Release|Any CPU
		{21D3917E-1846-44D7-BEE0-70C56CF72676}.Release|Any CPU.Build.0 = Release|Any CPU
		{91584B59-C12C-4232-8553-94250DE078D6}.Debug|Any CPU.ActiveCfg = Debug|Any CPU
		{91584B59-C12C-4232-8553-94250DE078D6}.Debug|Any CPU.Build.0 = Debug|Any CPU
		{91584B59-C12C-4232-8553-94250DE078D6}.Release|Any CPU.ActiveCfg = Release|Any CPU
		{91584B59-C12C-4232-8553-94250DE078D6}.Release|Any CPU.Build.0 = Release|Any CPU
		{3D9C36CC-67F4-441F-BA7D-A4BA1119603E}.Debug|Any CPU.ActiveCfg = Debug|Any CPU
		{3D9C36CC-67F4-441F-BA7D-A4BA1119603E}.Debug|Any CPU.Build.0 = Debug|Any CPU
		{3D9C36CC-67F4-441F-BA7D-A4BA1119603E}.Release|Any CPU.ActiveCfg = Release|Any CPU
		{3D9C36CC-67F4-441F-BA7D-A4BA1119603E}.Release|Any CPU.Build.0 = Release|Any CPU
		{93F152F0-A5DD-4489-8D8A-A45B5D3B8A85}.Debug|Any CPU.ActiveCfg = Debug|Any CPU
		{93F152F0-A5DD-4489-8D8A-A45B5D3B8A85}.Debug|Any CPU.Build.0 = Debug|Any CPU
		{93F152F0-A5DD-4489-8D8A-A45B5D3B8A85}.Release|Any CPU.ActiveCfg = Release|Any CPU
		{93F152F0-A5DD-4489-8D8A-A45B5D3B8A85}.Release|Any CPU.Build.0 = Release|Any CPU
		{F2671032-D525-4DFE-8636-6C174E284CDC}.Debug|Any CPU.ActiveCfg = Debug|Any CPU
		{F2671032-D525-4DFE-8636-6C174E284CDC}.Debug|Any CPU.Build.0 = Debug|Any CPU
		{F2671032-D525-4DFE-8636-6C174E284CDC}.Release|Any CPU.ActiveCfg = Release|Any CPU
		{F2671032-D525-4DFE-8636-6C174E284CDC}.Release|Any CPU.Build.0 = Release|Any CPU
		{6D893B15-6171-4A8F-BE35-E8F432820F93}.Debug|Any CPU.ActiveCfg = Debug|Any CPU
		{6D893B15-6171-4A8F-BE35-E8F432820F93}.Debug|Any CPU.Build.0 = Debug|Any CPU
		{6D893B15-6171-4A8F-BE35-E8F432820F93}.Release|Any CPU.ActiveCfg = Release|Any CPU
		{6D893B15-6171-4A8F-BE35-E8F432820F93}.Release|Any CPU.Build.0 = Release|Any CPU
		{BFB176B8-BF6F-44D9-BE7E-CD01FFE418ED}.Debug|Any CPU.ActiveCfg = Debug|Any CPU
		{BFB176B8-BF6F-44D9-BE7E-CD01FFE418ED}.Debug|Any CPU.Build.0 = Debug|Any CPU
		{BFB176B8-BF6F-44D9-BE7E-CD01FFE418ED}.Release|Any CPU.ActiveCfg = Release|Any CPU
		{BFB176B8-BF6F-44D9-BE7E-CD01FFE418ED}.Release|Any CPU.Build.0 = Release|Any CPU
		{24258EDE-7CBD-4E15-809D-0C11C2947812}.Debug|Any CPU.ActiveCfg = Debug|Any CPU
		{24258EDE-7CBD-4E15-809D-0C11C2947812}.Debug|Any CPU.Build.0 = Debug|Any CPU
		{24258EDE-7CBD-4E15-809D-0C11C2947812}.Release|Any CPU.ActiveCfg = Release|Any CPU
		{24258EDE-7CBD-4E15-809D-0C11C2947812}.Release|Any CPU.Build.0 = Release|Any CPU
		{B4F9BC50-3786-44C3-BE58-82DDE1623277}.Debug|Any CPU.ActiveCfg = Debug|Any CPU
		{B4F9BC50-3786-44C3-BE58-82DDE1623277}.Debug|Any CPU.Build.0 = Debug|Any CPU
		{B4F9BC50-3786-44C3-BE58-82DDE1623277}.Release|Any CPU.ActiveCfg = Release|Any CPU
		{B4F9BC50-3786-44C3-BE58-82DDE1623277}.Release|Any CPU.Build.0 = Release|Any CPU
		{0325234F-27C4-4118-A667-8DC58DD797BF}.Debug|Any CPU.ActiveCfg = Debug|Any CPU
		{0325234F-27C4-4118-A667-8DC58DD797BF}.Debug|Any CPU.Build.0 = Debug|Any CPU
		{0325234F-27C4-4118-A667-8DC58DD797BF}.Release|Any CPU.ActiveCfg = Release|Any CPU
		{0325234F-27C4-4118-A667-8DC58DD797BF}.Release|Any CPU.Build.0 = Release|Any CPU
		{599EFBEC-2E97-4838-B9BF-8D79113A99E1}.Debug|Any CPU.ActiveCfg = Debug|Any CPU
		{599EFBEC-2E97-4838-B9BF-8D79113A99E1}.Debug|Any CPU.Build.0 = Debug|Any CPU
		{599EFBEC-2E97-4838-B9BF-8D79113A99E1}.Release|Any CPU.ActiveCfg = Release|Any CPU
		{599EFBEC-2E97-4838-B9BF-8D79113A99E1}.Release|Any CPU.Build.0 = Release|Any CPU
		{A3734B6C-94E8-4C18-B998-2F792D463FF3}.Debug|Any CPU.ActiveCfg = Debug|Any CPU
		{A3734B6C-94E8-4C18-B998-2F792D463FF3}.Debug|Any CPU.Build.0 = Debug|Any CPU
		{A3734B6C-94E8-4C18-B998-2F792D463FF3}.Release|Any CPU.ActiveCfg = Release|Any CPU
		{A3734B6C-94E8-4C18-B998-2F792D463FF3}.Release|Any CPU.Build.0 = Release|Any CPU
		{A4AE71F6-B385-404B-B04F-645DD7B8F676}.Debug|Any CPU.ActiveCfg = Debug|Any CPU
		{A4AE71F6-B385-404B-B04F-645DD7B8F676}.Debug|Any CPU.Build.0 = Debug|Any CPU
		{A4AE71F6-B385-404B-B04F-645DD7B8F676}.Release|Any CPU.ActiveCfg = Release|Any CPU
		{A4AE71F6-B385-404B-B04F-645DD7B8F676}.Release|Any CPU.Build.0 = Release|Any CPU
		{5015C682-B8C2-4B48-90F6-4DB3001A98F6}.Debug|Any CPU.ActiveCfg = Debug|Any CPU
		{5015C682-B8C2-4B48-90F6-4DB3001A98F6}.Debug|Any CPU.Build.0 = Debug|Any CPU
		{5015C682-B8C2-4B48-90F6-4DB3001A98F6}.Release|Any CPU.ActiveCfg = Release|Any CPU
		{5015C682-B8C2-4B48-90F6-4DB3001A98F6}.Release|Any CPU.Build.0 = Release|Any CPU
	EndGlobalSection
	GlobalSection(NestedProjects) = preSolution
		{35C50D22-1FAD-4DCD-9CB6-8E42A26650B5} = {29C71C34-5C9F-45D5-A8F4-F2CEC025A65D}
		{5015C682-B8C2-4B48-90F6-4DB3001A98F6} = {35C50D22-1FAD-4DCD-9CB6-8E42A26650B5}
	EndGlobalSection
EndGlobal
